
Microsoft Visual Studio Solution File, Format Version 12.00
# Visual Studio 15
VisualStudioVersion = 15.0.28010.2036
MinimumVisualStudioVersion = 10.0.40219.1
Project("{9A19103F-16F7-4668-BE54-9A1E7A4F7556}") = "EncodeDecodeOK", "EncodeDecodeOK\EncodeDecodeOK.csproj", "{B270436F-819A-4E83-ACF6-FEC35C6BD207}"
EndProject
Project("{FAE04EC0-301F-11D3-BF4B-00C04F79EFBC}") = "EncodeDecode1", "EncodeDecode1\EncodeDecode1.csproj", "{5611B8E0-EFD5-4B88-AB6B-ABB80E05B0C5}"
EndProject
Global
	GlobalSection(SolutionConfigurationPlatforms) = preSolution
		Debug|Any CPU = Debug|Any CPU
		Release|Any CPU = Release|Any CPU
	EndGlobalSection
	GlobalSection(ProjectConfigurationPlatforms) = postSolution
		{B270436F-819A-4E83-ACF6-FEC35C6BD207}.Debug|Any CPU.ActiveCfg = Debug|Any CPU
		{B270436F-819A-4E83-ACF6-FEC35C6BD207}.Debug|Any CPU.Build.0 = Debug|Any CPU
		{B270436F-819A-4E83-ACF6-FEC35C6BD207}.Release|Any CPU.ActiveCfg = Release|Any CPU
		{B270436F-819A-4E83-ACF6-FEC35C6BD207}.Release|Any CPU.Build.0 = Release|Any CPU
		{5611B8E0-EFD5-4B88-AB6B-ABB80E05B0C5}.Debug|Any CPU.ActiveCfg = Debug|Any CPU
		{5611B8E0-EFD5-4B88-AB6B-ABB80E05B0C5}.Debug|Any CPU.Build.0 = Debug|Any CPU
		{5611B8E0-EFD5-4B88-AB6B-ABB80E05B0C5}.Release|Any CPU.ActiveCfg = Release|Any CPU
		{5611B8E0-EFD5-4B88-AB6B-ABB80E05B0C5}.Release|Any CPU.Build.0 = Release|Any CPU
	EndGlobalSection
	GlobalSection(SolutionProperties) = preSolution
		HideSolutionNode = FALSE
	EndGlobalSection
	GlobalSection(ExtensibilityGlobals) = postSolution
		SolutionGuid = {488DD8DC-236F-4ECD-87B7-2310FBE656D5}
	EndGlobalSection
EndGlobal
